
Microsoft Visual Studio Solution File, Format Version 12.00
# Visual Studio Version 17
VisualStudioVersion = 17.11.35327.3
MinimumVisualStudioVersion = 10.0.40219.1
Project("{9A19103F-16F7-4668-BE54-9A1E7A4F7556}") = "SafeRide.API", "SafeRide.API.csproj", "{B236A986-3C07-4D67-AB3E-550E71D4FD43}"
EndProject
Project("{9A19103F-16F7-4668-BE54-9A1E7A4F7556}") = "Tests", "..\Tests\Tests.csproj", "{F6ACEDF6-C8A2-4746-9D91-0E82316B28DB}"
EndProject
Global
	GlobalSection(SolutionConfigurationPlatforms) = preSolution
		Debug|Any CPU = Debug|Any CPU
		Release|Any CPU = Release|Any CPU
	EndGlobalSection
	GlobalSection(ProjectConfigurationPlatforms) = postSolution
		{B236A986-3C07-4D67-AB3E-550E71D4FD43}.Debug|Any CPU.ActiveCfg = Debug|Any CPU
		{B236A986-3C07-4D67-AB3E-550E71D4FD43}.Debug|Any CPU.Build.0 = Debug|Any CPU
		{B236A986-3C07-4D67-AB3E-550E71D4FD43}.Release|Any CPU.ActiveCfg = Release|Any CPU
		{B236A986-3C07-4D67-AB3E-550E71D4FD43}.Release|Any CPU.Build.0 = Release|Any CPU
		{F6ACEDF6-C8A2-4746-9D91-0E82316B28DB}.Debug|Any CPU.ActiveCfg = Debug|Any CPU
		{F6ACEDF6-C8A2-4746-9D91-0E82316B28DB}.Debug|Any CPU.Build.0 = Debug|Any CPU
		{F6ACEDF6-C8A2-4746-9D91-0E82316B28DB}.Release|Any CPU.ActiveCfg = Release|Any CPU
		{F6ACEDF6-C8A2-4746-9D91-0E82316B28DB}.Release|Any CPU.Build.0 = Release|Any CPU
	EndGlobalSection
	GlobalSection(SolutionProperties) = preSolution
		HideSolutionNode = FALSE
	EndGlobalSection
	GlobalSection(ExtensibilityGlobals) = postSolution
		SolutionGuid = {024CA0EF-B162-4C68-A0C8-2831E2D51CD7}
	EndGlobalSection
EndGlobal
